
Microsoft Visual Studio Solution File, Format Version 12.00
# Visual Studio Version 17
VisualStudioVersion = 17.0.31903.59
MinimumVisualStudioVersion = 10.0.40219.1
Project("{FAE04EC0-301F-11D3-BF4B-00C04F79EFBC}") = "Benchmark", "Benchmark\Benchmark.csproj", "{E2951DC7-BE86-429C-A29F-9782DA68126B}"
EndProject
Project("{FAE04EC0-301F-11D3-BF4B-00C04F79EFBC}") = "LearnAPI", "LearnAPI\LearnAPI.csproj", "{DF2C4A4D-EA5F-48A1-95E3-FCB3D560E407}"
EndProject
Global
	GlobalSection(SolutionConfigurationPlatforms) = preSolution
		Debug|Any CPU = Debug|Any CPU
		Release|Any CPU = Release|Any CPU
	EndGlobalSection
	GlobalSection(SolutionProperties) = preSolution
		HideSolutionNode = FALSE
	EndGlobalSection
	GlobalSection(ProjectConfigurationPlatforms) = postSolution
		{E2951DC7-BE86-429C-A29F-9782DA68126B}.Debug|Any CPU.ActiveCfg = Debug|Any CPU
		{E2951DC7-BE86-429C-A29F-9782DA68126B}.Debug|Any CPU.Build.0 = Debug|Any CPU
		{E2951DC7-BE86-429C-A29F-9782DA68126B}.Release|Any CPU.ActiveCfg = Release|Any CPU
		{E2951DC7-BE86-429C-A29F-9782DA68126B}.Release|Any CPU.Build.0 = Release|Any CPU
		{DF2C4A4D-EA5F-48A1-95E3-FCB3D560E407}.Debug|Any CPU.ActiveCfg = Debug|Any CPU
		{DF2C4A4D-EA5F-48A1-95E3-FCB3D560E407}.Debug|Any CPU.Build.0 = Debug|Any CPU
		{DF2C4A4D-EA5F-48A1-95E3-FCB3D560E407}.Release|Any CPU.ActiveCfg = Release|Any CPU
		{DF2C4A4D-EA5F-48A1-95E3-FCB3D560E407}.Release|Any CPU.Build.0 = Release|Any CPU
	EndGlobalSection
EndGlobal
